// !$*UTF8*$!
{
	archiveVersion = 1;
	classes = {
	};
	objectVersion = 56;
	objects = {

/* Begin PBXBuildFile section */
		A510534A2B894C38008EF80C /* ExerciseSetsView.swift in Sources */ = {isa = PBXBuildFile; fileRef = A51053492B894C38008EF80C /* ExerciseSetsView.swift */; };
		A510534C2B894EC3008EF80C /* EditExerciseView.swift in Sources */ = {isa = PBXBuildFile; fileRef = A510534B2B894EC3008EF80C /* EditExerciseView.swift */; };
		A510534E2B894EDE008EF80C /* EditExerciseSetView.swift in Sources */ = {isa = PBXBuildFile; fileRef = A510534D2B894EDE008EF80C /* EditExerciseSetView.swift */; };
		A51053512B894F5F008EF80C /* Extensions.swift in Sources */ = {isa = PBXBuildFile; fileRef = A51053502B894F5F008EF80C /* Extensions.swift */; };
		A5271FAD2B6B6EBB0049CD04 /* TrackerApp.swift in Sources */ = {isa = PBXBuildFile; fileRef = A5271FAC2B6B6EBB0049CD04 /* TrackerApp.swift */; };
		A5271FAF2B6B6EBB0049CD04 /* ExercisesView.swift in Sources */ = {isa = PBXBuildFile; fileRef = A5271FAE2B6B6EBB0049CD04 /* ExercisesView.swift */; };
		A5271FB32B6B6EBD0049CD04 /* Assets.xcassets in Resources */ = {isa = PBXBuildFile; fileRef = A5271FB22B6B6EBD0049CD04 /* Assets.xcassets */; };
		A5271FB62B6B6EBD0049CD04 /* Preview Assets.xcassets in Resources */ = {isa = PBXBuildFile; fileRef = A5271FB52B6B6EBD0049CD04 /* Preview Assets.xcassets */; };
		A5271FC22B6B6EBD0049CD04 /* TrackerTests.swift in Sources */ = {isa = PBXBuildFile; fileRef = A5271FC12B6B6EBD0049CD04 /* TrackerTests.swift */; };
		A5271FCC2B6B6EBD0049CD04 /* TrackerUITests.swift in Sources */ = {isa = PBXBuildFile; fileRef = A5271FCB2B6B6EBD0049CD04 /* TrackerUITests.swift */; };
		A5271FCE2B6B6EBD0049CD04 /* TrackerUITestsLaunchTests.swift in Sources */ = {isa = PBXBuildFile; fileRef = A5271FCD2B6B6EBD0049CD04 /* TrackerUITestsLaunchTests.swift */; };
		A55C29162BAE15DD0043DDF2 /* Calendar+Extensions.swift in Sources */ = {isa = PBXBuildFile; fileRef = A55C29152BAE15DD0043DDF2 /* Calendar+Extensions.swift */; };
		A5AE13702B8D7EFE009CE681 /* ExerciseSetRow.swift in Sources */ = {isa = PBXBuildFile; fileRef = A5AE136F2B8D7EFE009CE681 /* ExerciseSetRow.swift */; };
		A5AE13722B8D7F2C009CE681 /* PoundsPerSecondView.swift in Sources */ = {isa = PBXBuildFile; fileRef = A5AE13712B8D7F2C009CE681 /* PoundsPerSecondView.swift */; };
		A5AE13752B8D7FE3009CE681 /* Model.swift in Sources */ = {isa = PBXBuildFile; fileRef = A5AE13742B8D7FE3009CE681 /* Model.swift */; };
		A5D4E3352B97E814003E5D10 /* Model-v2.swift in Sources */ = {isa = PBXBuildFile; fileRef = A5D4E3342B97E814003E5D10 /* Model-v2.swift */; };
		A5D4E3372B97E844003E5D10 /* Model-v1.swift in Sources */ = {isa = PBXBuildFile; fileRef = A5D4E3362B97E844003E5D10 /* Model-v1.swift */; };
		A5D4E3392B97E85C003E5D10 /* Migrations.swift in Sources */ = {isa = PBXBuildFile; fileRef = A5D4E3382B97E85C003E5D10 /* Migrations.swift */; };
		A5D4E33B2B97FB5A003E5D10 /* ExerciseStatsView.swift in Sources */ = {isa = PBXBuildFile; fileRef = A5D4E33A2B97FB5A003E5D10 /* ExerciseStatsView.swift */; };
/* End PBXBuildFile section */

/* Begin PBXContainerItemProxy section */
		A5271FBE2B6B6EBD0049CD04 /* PBXContainerItemProxy */ = {
			isa = PBXContainerItemProxy;
			containerPortal = A5271FA12B6B6EBB0049CD04 /* Project object */;
			proxyType = 1;
			remoteGlobalIDString = A5271FA82B6B6EBB0049CD04;
			remoteInfo = Tracker;
		};
		A5271FC82B6B6EBD0049CD04 /* PBXContainerItemProxy */ = {
			isa = PBXContainerItemProxy;
			containerPortal = A5271FA12B6B6EBB0049CD04 /* Project object */;
			proxyType = 1;
			remoteGlobalIDString = A5271FA82B6B6EBB0049CD04;
			remoteInfo = Tracker;
		};
/* End PBXContainerItemProxy section */

/* Begin PBXFileReference section */
		A51053492B894C38008EF80C /* ExerciseSetsView.swift */ = {isa = PBXFileReference; lastKnownFileType = sourcecode.swift; path = ExerciseSetsView.swift; sourceTree = "<group>"; };
		A510534B2B894EC3008EF80C /* EditExerciseView.swift */ = {isa = PBXFileReference; lastKnownFileType = sourcecode.swift; path = EditExerciseView.swift; sourceTree = "<group>"; };
		A510534D2B894EDE008EF80C /* EditExerciseSetView.swift */ = {isa = PBXFileReference; lastKnownFileType = sourcecode.swift; path = EditExerciseSetView.swift; sourceTree = "<group>"; };
		A51053502B894F5F008EF80C /* Extensions.swift */ = {isa = PBXFileReference; lastKnownFileType = sourcecode.swift; path = Extensions.swift; sourceTree = "<group>"; };
		A5271FA92B6B6EBB0049CD04 /* Tracker.app */ = {isa = PBXFileReference; explicitFileType = wrapper.application; includeInIndex = 0; path = Tracker.app; sourceTree = BUILT_PRODUCTS_DIR; };
		A5271FAC2B6B6EBB0049CD04 /* TrackerApp.swift */ = {isa = PBXFileReference; lastKnownFileType = sourcecode.swift; path = TrackerApp.swift; sourceTree = "<group>"; };
		A5271FAE2B6B6EBB0049CD04 /* ExercisesView.swift */ = {isa = PBXFileReference; lastKnownFileType = sourcecode.swift; path = ExercisesView.swift; sourceTree = "<group>"; };
		A5271FB22B6B6EBD0049CD04 /* Assets.xcassets */ = {isa = PBXFileReference; lastKnownFileType = folder.assetcatalog; path = Assets.xcassets; sourceTree = "<group>"; };
		A5271FB52B6B6EBD0049CD04 /* Preview Assets.xcassets */ = {isa = PBXFileReference; lastKnownFileType = folder.assetcatalog; path = "Preview Assets.xcassets"; sourceTree = "<group>"; };
		A5271FB72B6B6EBD0049CD04 /* Tracker.entitlements */ = {isa = PBXFileReference; lastKnownFileType = text.plist.entitlements; path = Tracker.entitlements; sourceTree = "<group>"; };
		A5271FB82B6B6EBD0049CD04 /* Info.plist */ = {isa = PBXFileReference; lastKnownFileType = text.plist.xml; path = Info.plist; sourceTree = "<group>"; };
		A5271FBD2B6B6EBD0049CD04 /* TrackerTests.xctest */ = {isa = PBXFileReference; explicitFileType = wrapper.cfbundle; includeInIndex = 0; path = TrackerTests.xctest; sourceTree = BUILT_PRODUCTS_DIR; };
		A5271FC12B6B6EBD0049CD04 /* TrackerTests.swift */ = {isa = PBXFileReference; lastKnownFileType = sourcecode.swift; path = TrackerTests.swift; sourceTree = "<group>"; };
		A5271FC72B6B6EBD0049CD04 /* TrackerUITests.xctest */ = {isa = PBXFileReference; explicitFileType = wrapper.cfbundle; includeInIndex = 0; path = TrackerUITests.xctest; sourceTree = BUILT_PRODUCTS_DIR; };
		A5271FCB2B6B6EBD0049CD04 /* TrackerUITests.swift */ = {isa = PBXFileReference; lastKnownFileType = sourcecode.swift; path = TrackerUITests.swift; sourceTree = "<group>"; };
		A5271FCD2B6B6EBD0049CD04 /* TrackerUITestsLaunchTests.swift */ = {isa = PBXFileReference; lastKnownFileType = sourcecode.swift; path = TrackerUITestsLaunchTests.swift; sourceTree = "<group>"; };
		A55C29152BAE15DD0043DDF2 /* Calendar+Extensions.swift */ = {isa = PBXFileReference; lastKnownFileType = sourcecode.swift; path = "Calendar+Extensions.swift"; sourceTree = "<group>"; };
		A5AE136E2B8D7DAF009CE681 /* README.md */ = {isa = PBXFileReference; lastKnownFileType = net.daringfireball.markdown; path = README.md; sourceTree = "<group>"; };
		A5AE136F2B8D7EFE009CE681 /* ExerciseSetRow.swift */ = {isa = PBXFileReference; lastKnownFileType = sourcecode.swift; path = ExerciseSetRow.swift; sourceTree = "<group>"; };
		A5AE13712B8D7F2C009CE681 /* PoundsPerSecondView.swift */ = {isa = PBXFileReference; lastKnownFileType = sourcecode.swift; path = PoundsPerSecondView.swift; sourceTree = "<group>"; };
		A5AE13742B8D7FE3009CE681 /* Model.swift */ = {isa = PBXFileReference; lastKnownFileType = sourcecode.swift; path = Model.swift; sourceTree = "<group>"; };
		A5D4E3342B97E814003E5D10 /* Model-v2.swift */ = {isa = PBXFileReference; lastKnownFileType = sourcecode.swift; path = "Model-v2.swift"; sourceTree = "<group>"; };
		A5D4E3362B97E844003E5D10 /* Model-v1.swift */ = {isa = PBXFileReference; lastKnownFileType = sourcecode.swift; path = "Model-v1.swift"; sourceTree = "<group>"; };
		A5D4E3382B97E85C003E5D10 /* Migrations.swift */ = {isa = PBXFileReference; lastKnownFileType = sourcecode.swift; path = Migrations.swift; sourceTree = "<group>"; };
		A5D4E33A2B97FB5A003E5D10 /* ExerciseStatsView.swift */ = {isa = PBXFileReference; lastKnownFileType = sourcecode.swift; path = ExerciseStatsView.swift; sourceTree = "<group>"; };
/* End PBXFileReference section */

/* Begin PBXFrameworksBuildPhase section */
		A5271FA62B6B6EBB0049CD04 /* Frameworks */ = {
			isa = PBXFrameworksBuildPhase;
			buildActionMask = 2147483647;
			files = (
			);
			runOnlyForDeploymentPostprocessing = 0;
		};
		A5271FBA2B6B6EBD0049CD04 /* Frameworks */ = {
			isa = PBXFrameworksBuildPhase;
			buildActionMask = 2147483647;
			files = (
			);
			runOnlyForDeploymentPostprocessing = 0;
		};
		A5271FC42B6B6EBD0049CD04 /* Frameworks */ = {
			isa = PBXFrameworksBuildPhase;
			buildActionMask = 2147483647;
			files = (
			);
			runOnlyForDeploymentPostprocessing = 0;
		};
/* End PBXFrameworksBuildPhase section */

/* Begin PBXGroup section */
		A51053462B8940E1008EF80C /* Views */ = {
			isa = PBXGroup;
			children = (
				A5271FAE2B6B6EBB0049CD04 /* ExercisesView.swift */,
				A510534B2B894EC3008EF80C /* EditExerciseView.swift */,
				A51053492B894C38008EF80C /* ExerciseSetsView.swift */,
				A5AE136F2B8D7EFE009CE681 /* ExerciseSetRow.swift */,
				A510534D2B894EDE008EF80C /* EditExerciseSetView.swift */,
				A5AE13712B8D7F2C009CE681 /* PoundsPerSecondView.swift */,
				A5D4E33A2B97FB5A003E5D10 /* ExerciseStatsView.swift */,
			);
			path = Views;
			sourceTree = "<group>";
		};
		A510534F2B894F50008EF80C /* Helpers */ = {
			isa = PBXGroup;
			children = (
				A51053502B894F5F008EF80C /* Extensions.swift */,
				A55C29152BAE15DD0043DDF2 /* Calendar+Extensions.swift */,
			);
			path = Helpers;
			sourceTree = "<group>";
		};
		A5271FA02B6B6EBB0049CD04 = {
			isa = PBXGroup;
			children = (
				A5AE136E2B8D7DAF009CE681 /* README.md */,
				A5271FAB2B6B6EBB0049CD04 /* Tracker */,
				A5271FC02B6B6EBD0049CD04 /* TrackerTests */,
				A5271FCA2B6B6EBD0049CD04 /* TrackerUITests */,
				A5271FAA2B6B6EBB0049CD04 /* Products */,
			);
			sourceTree = "<group>";
		};
		A5271FAA2B6B6EBB0049CD04 /* Products */ = {
			isa = PBXGroup;
			children = (
				A5271FA92B6B6EBB0049CD04 /* Tracker.app */,
				A5271FBD2B6B6EBD0049CD04 /* TrackerTests.xctest */,
				A5271FC72B6B6EBD0049CD04 /* TrackerUITests.xctest */,
			);
			name = Products;
			sourceTree = "<group>";
		};
		A5271FAB2B6B6EBB0049CD04 /* Tracker */ = {
			isa = PBXGroup;
			children = (
				A5AE13732B8D7FD4009CE681 /* Model */,
				A510534F2B894F50008EF80C /* Helpers */,
				A51053462B8940E1008EF80C /* Views */,
				A5271FAC2B6B6EBB0049CD04 /* TrackerApp.swift */,
				A5271FB22B6B6EBD0049CD04 /* Assets.xcassets */,
				A5271FB72B6B6EBD0049CD04 /* Tracker.entitlements */,
				A5271FB82B6B6EBD0049CD04 /* Info.plist */,
				A5271FB42B6B6EBD0049CD04 /* Preview Content */,
			);
			path = Tracker;
			sourceTree = "<group>";
		};
		A5271FB42B6B6EBD0049CD04 /* Preview Content */ = {
			isa = PBXGroup;
			children = (
				A5271FB52B6B6EBD0049CD04 /* Preview Assets.xcassets */,
			);
			path = "Preview Content";
			sourceTree = "<group>";
		};
		A5271FC02B6B6EBD0049CD04 /* TrackerTests */ = {
			isa = PBXGroup;
			children = (
				A5271FC12B6B6EBD0049CD04 /* TrackerTests.swift */,
			);
			path = TrackerTests;
			sourceTree = "<group>";
		};
		A5271FCA2B6B6EBD0049CD04 /* TrackerUITests */ = {
			isa = PBXGroup;
			children = (
				A5271FCB2B6B6EBD0049CD04 /* TrackerUITests.swift */,
				A5271FCD2B6B6EBD0049CD04 /* TrackerUITestsLaunchTests.swift */,
			);
			path = TrackerUITests;
			sourceTree = "<group>";
		};
		A5AE13732B8D7FD4009CE681 /* Model */ = {
			isa = PBXGroup;
			children = (
				A5AE13742B8D7FE3009CE681 /* Model.swift */,
				A5D4E3342B97E814003E5D10 /* Model-v2.swift */,
				A5D4E3362B97E844003E5D10 /* Model-v1.swift */,
				A5D4E3382B97E85C003E5D10 /* Migrations.swift */,
			);
			path = Model;
			sourceTree = "<group>";
		};
/* End PBXGroup section */

/* Begin PBXNativeTarget section */
		A5271FA82B6B6EBB0049CD04 /* Tracker */ = {
			isa = PBXNativeTarget;
			buildConfigurationList = A5271FD12B6B6EBD0049CD04 /* Build configuration list for PBXNativeTarget "Tracker" */;
			buildPhases = (
				A5271FA52B6B6EBB0049CD04 /* Sources */,
				A5271FA62B6B6EBB0049CD04 /* Frameworks */,
				A5271FA72B6B6EBB0049CD04 /* Resources */,
			);
			buildRules = (
			);
			dependencies = (
			);
			name = Tracker;
			productName = Tracker;
			productReference = A5271FA92B6B6EBB0049CD04 /* Tracker.app */;
			productType = "com.apple.product-type.application";
		};
		A5271FBC2B6B6EBD0049CD04 /* TrackerTests */ = {
			isa = PBXNativeTarget;
			buildConfigurationList = A5271FD42B6B6EBD0049CD04 /* Build configuration list for PBXNativeTarget "TrackerTests" */;
			buildPhases = (
				A5271FB92B6B6EBD0049CD04 /* Sources */,
				A5271FBA2B6B6EBD0049CD04 /* Frameworks */,
				A5271FBB2B6B6EBD0049CD04 /* Resources */,
			);
			buildRules = (
			);
			dependencies = (
				A5271FBF2B6B6EBD0049CD04 /* PBXTargetDependency */,
			);
			name = TrackerTests;
			productName = TrackerTests;
			productReference = A5271FBD2B6B6EBD0049CD04 /* TrackerTests.xctest */;
			productType = "com.apple.product-type.bundle.unit-test";
		};
		A5271FC62B6B6EBD0049CD04 /* TrackerUITests */ = {
			isa = PBXNativeTarget;
			buildConfigurationList = A5271FD72B6B6EBD0049CD04 /* Build configuration list for PBXNativeTarget "TrackerUITests" */;
			buildPhases = (
				A5271FC32B6B6EBD0049CD04 /* Sources */,
				A5271FC42B6B6EBD0049CD04 /* Frameworks */,
				A5271FC52B6B6EBD0049CD04 /* Resources */,
			);
			buildRules = (
			);
			dependencies = (
				A5271FC92B6B6EBD0049CD04 /* PBXTargetDependency */,
			);
			name = TrackerUITests;
			productName = TrackerUITests;
			productReference = A5271FC72B6B6EBD0049CD04 /* TrackerUITests.xctest */;
			productType = "com.apple.product-type.bundle.ui-testing";
		};
/* End PBXNativeTarget section */

/* Begin PBXProject section */
		A5271FA12B6B6EBB0049CD04 /* Project object */ = {
			isa = PBXProject;
			attributes = {
				BuildIndependentTargetsInParallel = 1;
				LastSwiftUpdateCheck = 1520;
				LastUpgradeCheck = 1520;
				TargetAttributes = {
					A5271FA82B6B6EBB0049CD04 = {
						CreatedOnToolsVersion = 15.2;
					};
					A5271FBC2B6B6EBD0049CD04 = {
						CreatedOnToolsVersion = 15.2;
						TestTargetID = A5271FA82B6B6EBB0049CD04;
					};
					A5271FC62B6B6EBD0049CD04 = {
						CreatedOnToolsVersion = 15.2;
						TestTargetID = A5271FA82B6B6EBB0049CD04;
					};
				};
			};
			buildConfigurationList = A5271FA42B6B6EBB0049CD04 /* Build configuration list for PBXProject "Tracker" */;
			compatibilityVersion = "Xcode 14.0";
			developmentRegion = en;
			hasScannedForEncodings = 0;
			knownRegions = (
				en,
				Base,
			);
			mainGroup = A5271FA02B6B6EBB0049CD04;
			productRefGroup = A5271FAA2B6B6EBB0049CD04 /* Products */;
			projectDirPath = "";
			projectRoot = "";
			targets = (
				A5271FA82B6B6EBB0049CD04 /* Tracker */,
				A5271FBC2B6B6EBD0049CD04 /* TrackerTests */,
				A5271FC62B6B6EBD0049CD04 /* TrackerUITests */,
			);
		};
/* End PBXProject section */

/* Begin PBXResourcesBuildPhase section */
		A5271FA72B6B6EBB0049CD04 /* Resources */ = {
			isa = PBXResourcesBuildPhase;
			buildActionMask = 2147483647;
			files = (
				A5271FB62B6B6EBD0049CD04 /* Preview Assets.xcassets in Resources */,
				A5271FB32B6B6EBD0049CD04 /* Assets.xcassets in Resources */,
			);
			runOnlyForDeploymentPostprocessing = 0;
		};
		A5271FBB2B6B6EBD0049CD04 /* Resources */ = {
			isa = PBXResourcesBuildPhase;
			buildActionMask = 2147483647;
			files = (
			);
			runOnlyForDeploymentPostprocessing = 0;
		};
		A5271FC52B6B6EBD0049CD04 /* Resources */ = {
			isa = PBXResourcesBuildPhase;
			buildActionMask = 2147483647;
			files = (
			);
			runOnlyForDeploymentPostprocessing = 0;
		};
/* End PBXResourcesBuildPhase section */

/* Begin PBXSourcesBuildPhase section */
		A5271FA52B6B6EBB0049CD04 /* Sources */ = {
			isa = PBXSourcesBuildPhase;
			buildActionMask = 2147483647;
			files = (
				A5271FAF2B6B6EBB0049CD04 /* ExercisesView.swift in Sources */,
				A510534E2B894EDE008EF80C /* EditExerciseSetView.swift in Sources */,
				A55C29162BAE15DD0043DDF2 /* Calendar+Extensions.swift in Sources */,
				A5AE13752B8D7FE3009CE681 /* Model.swift in Sources */,
				A5D4E33B2B97FB5A003E5D10 /* ExerciseStatsView.swift in Sources */,
				A510534C2B894EC3008EF80C /* EditExerciseView.swift in Sources */,
				A5D4E3352B97E814003E5D10 /* Model-v2.swift in Sources */,
				A5D4E3372B97E844003E5D10 /* Model-v1.swift in Sources */,
				A5D4E3392B97E85C003E5D10 /* Migrations.swift in Sources */,
				A51053512B894F5F008EF80C /* Extensions.swift in Sources */,
				A510534A2B894C38008EF80C /* ExerciseSetsView.swift in Sources */,
				A5AE13722B8D7F2C009CE681 /* PoundsPerSecondView.swift in Sources */,
				A5AE13702B8D7EFE009CE681 /* ExerciseSetRow.swift in Sources */,
				A5271FAD2B6B6EBB0049CD04 /* TrackerApp.swift in Sources */,
			);
			runOnlyForDeploymentPostprocessing = 0;
		};
		A5271FB92B6B6EBD0049CD04 /* Sources */ = {
			isa = PBXSourcesBuildPhase;
			buildActionMask = 2147483647;
			files = (
				A5271FC22B6B6EBD0049CD04 /* TrackerTests.swift in Sources */,
			);
			runOnlyForDeploymentPostprocessing = 0;
		};
		A5271FC32B6B6EBD0049CD04 /* Sources */ = {
			isa = PBXSourcesBuildPhase;
			buildActionMask = 2147483647;
			files = (
				A5271FCC2B6B6EBD0049CD04 /* TrackerUITests.swift in Sources */,
				A5271FCE2B6B6EBD0049CD04 /* TrackerUITestsLaunchTests.swift in Sources */,
			);
			runOnlyForDeploymentPostprocessing = 0;
		};
/* End PBXSourcesBuildPhase section */

/* Begin PBXTargetDependency section */
		A5271FBF2B6B6EBD0049CD04 /* PBXTargetDependency */ = {
			isa = PBXTargetDependency;
			target = A5271FA82B6B6EBB0049CD04 /* Tracker */;
			targetProxy = A5271FBE2B6B6EBD0049CD04 /* PBXContainerItemProxy */;
		};
		A5271FC92B6B6EBD0049CD04 /* PBXTargetDependency */ = {
			isa = PBXTargetDependency;
			target = A5271FA82B6B6EBB0049CD04 /* Tracker */;
			targetProxy = A5271FC82B6B6EBD0049CD04 /* PBXContainerItemProxy */;
		};
/* End PBXTargetDependency section */

/* Begin XCBuildConfiguration section */
		A5271FCF2B6B6EBD0049CD04 /* Debug */ = {
			isa = XCBuildConfiguration;
			buildSettings = {
				ALWAYS_SEARCH_USER_PATHS = NO;
				ASSETCATALOG_COMPILER_GENERATE_SWIFT_ASSET_SYMBOL_EXTENSIONS = YES;
				CLANG_ANALYZER_NONNULL = YES;
				CLANG_ANALYZER_NUMBER_OBJECT_CONVERSION = YES_AGGRESSIVE;
				CLANG_CXX_LANGUAGE_STANDARD = "gnu++20";
				CLANG_ENABLE_MODULES = YES;
				CLANG_ENABLE_OBJC_ARC = YES;
				CLANG_ENABLE_OBJC_WEAK = YES;
				CLANG_WARN_BLOCK_CAPTURE_AUTORELEASING = YES;
				CLANG_WARN_BOOL_CONVERSION = YES;
				CLANG_WARN_COMMA = YES;
				CLANG_WARN_CONSTANT_CONVERSION = YES;
				CLANG_WARN_DEPRECATED_OBJC_IMPLEMENTATIONS = YES;
				CLANG_WARN_DIRECT_OBJC_ISA_USAGE = YES_ERROR;
				CLANG_WARN_DOCUMENTATION_COMMENTS = YES;
				CLANG_WARN_EMPTY_BODY = YES;
				CLANG_WARN_ENUM_CONVERSION = YES;
				CLANG_WARN_INFINITE_RECURSION = YES;
				CLANG_WARN_INT_CONVERSION = YES;
				CLANG_WARN_NON_LITERAL_NULL_CONVERSION = YES;
				CLANG_WARN_OBJC_IMPLICIT_RETAIN_SELF = YES;
				CLANG_WARN_OBJC_LITERAL_CONVERSION = YES;
				CLANG_WARN_OBJC_ROOT_CLASS = YES_ERROR;
				CLANG_WARN_QUOTED_INCLUDE_IN_FRAMEWORK_HEADER = YES;
				CLANG_WARN_RANGE_LOOP_ANALYSIS = YES;
				CLANG_WARN_STRICT_PROTOTYPES = YES;
				CLANG_WARN_SUSPICIOUS_MOVE = YES;
				CLANG_WARN_UNGUARDED_AVAILABILITY = YES_AGGRESSIVE;
				CLANG_WARN_UNREACHABLE_CODE = YES;
				CLANG_WARN__DUPLICATE_METHOD_MATCH = YES;
				COPY_PHASE_STRIP = NO;
				DEBUG_INFORMATION_FORMAT = dwarf;
				ENABLE_STRICT_OBJC_MSGSEND = YES;
				ENABLE_TESTABILITY = YES;
				ENABLE_USER_SCRIPT_SANDBOXING = YES;
				GCC_C_LANGUAGE_STANDARD = gnu17;
				GCC_DYNAMIC_NO_PIC = NO;
				GCC_NO_COMMON_BLOCKS = YES;
				GCC_OPTIMIZATION_LEVEL = 0;
				GCC_PREPROCESSOR_DEFINITIONS = (
					"DEBUG=1",
					"$(inherited)",
				);
				GCC_WARN_64_TO_32_BIT_CONVERSION = YES;
				GCC_WARN_ABOUT_RETURN_TYPE = YES_ERROR;
				GCC_WARN_UNDECLARED_SELECTOR = YES;
				GCC_WARN_UNINITIALIZED_AUTOS = YES_AGGRESSIVE;
				GCC_WARN_UNUSED_FUNCTION = YES;
				GCC_WARN_UNUSED_VARIABLE = YES;
				IPHONEOS_DEPLOYMENT_TARGET = 17.2;
				LOCALIZATION_PREFERS_STRING_CATALOGS = YES;
				MTL_ENABLE_DEBUG_INFO = INCLUDE_SOURCE;
				MTL_FAST_MATH = YES;
				ONLY_ACTIVE_ARCH = YES;
				SDKROOT = iphoneos;
				SWIFT_ACTIVE_COMPILATION_CONDITIONS = "DEBUG $(inherited)";
				SWIFT_OPTIMIZATION_LEVEL = "-Onone";
			};
			name = Debug;
		};
		A5271FD02B6B6EBD0049CD04 /* Release */ = {
			isa = XCBuildConfiguration;
			buildSettings = {
				ALWAYS_SEARCH_USER_PATHS = NO;
				ASSETCATALOG_COMPILER_GENERATE_SWIFT_ASSET_SYMBOL_EXTENSIONS = YES;
				CLANG_ANALYZER_NONNULL = YES;
				CLANG_ANALYZER_NUMBER_OBJECT_CONVERSION = YES_AGGRESSIVE;
				CLANG_CXX_LANGUAGE_STANDARD = "gnu++20";
				CLANG_ENABLE_MODULES = YES;
				CLANG_ENABLE_OBJC_ARC = YES;
				CLANG_ENABLE_OBJC_WEAK = YES;
				CLANG_WARN_BLOCK_CAPTURE_AUTORELEASING = YES;
				CLANG_WARN_BOOL_CONVERSION = YES;
				CLANG_WARN_COMMA = YES;
				CLANG_WARN_CONSTANT_CONVERSION = YES;
				CLANG_WARN_DEPRECATED_OBJC_IMPLEMENTATIONS = YES;
				CLANG_WARN_DIRECT_OBJC_ISA_USAGE = YES_ERROR;
				CLANG_WARN_DOCUMENTATION_COMMENTS = YES;
				CLANG_WARN_EMPTY_BODY = YES;
				CLANG_WARN_ENUM_CONVERSION = YES;
				CLANG_WARN_INFINITE_RECURSION = YES;
				CLANG_WARN_INT_CONVERSION = YES;
				CLANG_WARN_NON_LITERAL_NULL_CONVERSION = YES;
				CLANG_WARN_OBJC_IMPLICIT_RETAIN_SELF = YES;
				CLANG_WARN_OBJC_LITERAL_CONVERSION = YES;
				CLANG_WARN_OBJC_ROOT_CLASS = YES_ERROR;
				CLANG_WARN_QUOTED_INCLUDE_IN_FRAMEWORK_HEADER = YES;
				CLANG_WARN_RANGE_LOOP_ANALYSIS = YES;
				CLANG_WARN_STRICT_PROTOTYPES = YES;
				CLANG_WARN_SUSPICIOUS_MOVE = YES;
				CLANG_WARN_UNGUARDED_AVAILABILITY = YES_AGGRESSIVE;
				CLANG_WARN_UNREACHABLE_CODE = YES;
				CLANG_WARN__DUPLICATE_METHOD_MATCH = YES;
				COPY_PHASE_STRIP = NO;
				DEBUG_INFORMATION_FORMAT = "dwarf-with-dsym";
				ENABLE_NS_ASSERTIONS = NO;
				ENABLE_STRICT_OBJC_MSGSEND = YES;
				ENABLE_USER_SCRIPT_SANDBOXING = YES;
				GCC_C_LANGUAGE_STANDARD = gnu17;
				GCC_NO_COMMON_BLOCKS = YES;
				GCC_WARN_64_TO_32_BIT_CONVERSION = YES;
				GCC_WARN_ABOUT_RETURN_TYPE = YES_ERROR;
				GCC_WARN_UNDECLARED_SELECTOR = YES;
				GCC_WARN_UNINITIALIZED_AUTOS = YES_AGGRESSIVE;
				GCC_WARN_UNUSED_FUNCTION = YES;
				GCC_WARN_UNUSED_VARIABLE = YES;
				IPHONEOS_DEPLOYMENT_TARGET = 17.2;
				LOCALIZATION_PREFERS_STRING_CATALOGS = YES;
				MTL_ENABLE_DEBUG_INFO = NO;
				MTL_FAST_MATH = YES;
				SDKROOT = iphoneos;
				SWIFT_COMPILATION_MODE = wholemodule;
				VALIDATE_PRODUCT = YES;
			};
			name = Release;
		};
		A5271FD22B6B6EBD0049CD04 /* Debug */ = {
			isa = XCBuildConfiguration;
			buildSettings = {
				ASSETCATALOG_COMPILER_APPICON_NAME = AppIcon;
				ASSETCATALOG_COMPILER_GLOBAL_ACCENT_COLOR_NAME = AccentColor;
				CODE_SIGN_ENTITLEMENTS = Tracker/Tracker.entitlements;
				CODE_SIGN_STYLE = Automatic;
				CURRENT_PROJECT_VERSION = 1;
				DEVELOPMENT_ASSET_PATHS = "\"Tracker/Preview Content\"";
				DEVELOPMENT_TEAM = 7YBRUG6EVL;
				ENABLE_PREVIEWS = YES;
				GENERATE_INFOPLIST_FILE = YES;
				INFOPLIST_FILE = Tracker/Info.plist;
				INFOPLIST_KEY_UIApplicationSceneManifest_Generation = YES;
				INFOPLIST_KEY_UIApplicationSupportsIndirectInputEvents = YES;
				INFOPLIST_KEY_UILaunchScreen_Generation = YES;
				INFOPLIST_KEY_UISupportedInterfaceOrientations_iPad = "UIInterfaceOrientationPortrait UIInterfaceOrientationPortraitUpsideDown UIInterfaceOrientationLandscapeLeft UIInterfaceOrientationLandscapeRight";
				INFOPLIST_KEY_UISupportedInterfaceOrientations_iPhone = "UIInterfaceOrientationPortrait UIInterfaceOrientationLandscapeLeft UIInterfaceOrientationLandscapeRight";
				LD_RUNPATH_SEARCH_PATHS = (
					"$(inherited)",
					"@executable_path/Frameworks",
				);
				MARKETING_VERSION = 1.0;
				PRODUCT_BUNDLE_IDENTIFIER = com.jesusla.Tracker;
				PRODUCT_NAME = "$(TARGET_NAME)";
				SWIFT_EMIT_LOC_STRINGS = YES;
				SWIFT_VERSION = 5.0;
				TARGETED_DEVICE_FAMILY = "1,2";
			};
			name = Debug;
		};
		A5271FD32B6B6EBD0049CD04 /* Release */ = {
			isa = XCBuildConfiguration;
			buildSettings = {
				ASSETCATALOG_COMPILER_APPICON_NAME = AppIcon;
				ASSETCATALOG_COMPILER_GLOBAL_ACCENT_COLOR_NAME = AccentColor;
				CODE_SIGN_ENTITLEMENTS = Tracker/Tracker.entitlements;
				CODE_SIGN_STYLE = Automatic;
				CURRENT_PROJECT_VERSION = 1;
				DEVELOPMENT_ASSET_PATHS = "\"Tracker/Preview Content\"";
				DEVELOPMENT_TEAM = 7YBRUG6EVL;
				ENABLE_PREVIEWS = YES;
				GENERATE_INFOPLIST_FILE = YES;
				INFOPLIST_FILE = Tracker/Info.plist;
				INFOPLIST_KEY_UIApplicationSceneManifest_Generation = YES;
				INFOPLIST_KEY_UIApplicationSupportsIndirectInputEvents = YES;
				INFOPLIST_KEY_UILaunchScreen_Generation = YES;
				INFOPLIST_KEY_UISupportedInterfaceOrientations_iPad = "UIInterfaceOrientationPortrait UIInterfaceOrientationPortraitUpsideDown UIInterfaceOrientationLandscapeLeft UIInterfaceOrientationLandscapeRight";
				INFOPLIST_KEY_UISupportedInterfaceOrientations_iPhone = "UIInterfaceOrientationPortrait UIInterfaceOrientationLandscapeLeft UIInterfaceOrientationLandscapeRight";
				LD_RUNPATH_SEARCH_PATHS = (
					"$(inherited)",
					"@executable_path/Frameworks",
				);
				MARKETING_VERSION = 1.0;
				PRODUCT_BUNDLE_IDENTIFIER = com.jesusla.Tracker;
				PRODUCT_NAME = "$(TARGET_NAME)";
				SWIFT_EMIT_LOC_STRINGS = YES;
				SWIFT_VERSION = 5.0;
				TARGETED_DEVICE_FAMILY = "1,2";
			};
			name = Release;
		};
		A5271FD52B6B6EBD0049CD04 /* Debug */ = {
			isa = XCBuildConfiguration;
			buildSettings = {
				ALWAYS_EMBED_SWIFT_STANDARD_LIBRARIES = YES;
				BUNDLE_LOADER = "$(TEST_HOST)";
				CODE_SIGN_STYLE = Automatic;
				CURRENT_PROJECT_VERSION = 1;
				DEVELOPMENT_TEAM = 7YBRUG6EVL;
				GENERATE_INFOPLIST_FILE = YES;
				IPHONEOS_DEPLOYMENT_TARGET = 17.2;
				MARKETING_VERSION = 1.0;
				PRODUCT_BUNDLE_IDENTIFIER = com.jesusla.TrackerTests;
				PRODUCT_NAME = "$(TARGET_NAME)";
				SWIFT_EMIT_LOC_STRINGS = NO;
				SWIFT_VERSION = 5.0;
				TARGETED_DEVICE_FAMILY = "1,2";
				TEST_HOST = "$(BUILT_PRODUCTS_DIR)/Tracker.app/$(BUNDLE_EXECUTABLE_FOLDER_PATH)/Tracker";
			};
			name = Debug;
		};
		A5271FD62B6B6EBD0049CD04 /* Release */ = {
			isa = XCBuildConfiguration;
			buildSettings = {
				ALWAYS_EMBED_SWIFT_STANDARD_LIBRARIES = YES;
				BUNDLE_LOADER = "$(TEST_HOST)";
				CODE_SIGN_STYLE = Automatic;
				CURRENT_PROJECT_VERSION = 1;
				DEVELOPMENT_TEAM = 7YBRUG6EVL;
				GENERATE_INFOPLIST_FILE = YES;
				IPHONEOS_DEPLOYMENT_TARGET = 17.2;
				MARKETING_VERSION = 1.0;
				PRODUCT_BUNDLE_IDENTIFIER = com.jesusla.TrackerTests;
				PRODUCT_NAME = "$(TARGET_NAME)";
				SWIFT_EMIT_LOC_STRINGS = NO;
				SWIFT_VERSION = 5.0;
				TARGETED_DEVICE_FAMILY = "1,2";
				TEST_HOST = "$(BUILT_PRODUCTS_DIR)/Tracker.app/$(BUNDLE_EXECUTABLE_FOLDER_PATH)/Tracker";
			};
			name = Release;
		};
		A5271FD82B6B6EBD0049CD04 /* Debug */ = {
			isa = XCBuildConfiguration;
			buildSettings = {
				ALWAYS_EMBED_SWIFT_STANDARD_LIBRARIES = YES;
				CODE_SIGN_STYLE = Automatic;
				CURRENT_PROJECT_VERSION = 1;
				DEVELOPMENT_TEAM = 7YBRUG6EVL;
				GENERATE_INFOPLIST_FILE = YES;
				MARKETING_VERSION = 1.0;
				PRODUCT_BUNDLE_IDENTIFIER = com.jesusla.TrackerUITests;
				PRODUCT_NAME = "$(TARGET_NAME)";
				SWIFT_EMIT_LOC_STRINGS = NO;
				SWIFT_VERSION = 5.0;
				TARGETED_DEVICE_FAMILY = "1,2";
				TEST_TARGET_NAME = Tracker;
			};
			name = Debug;
		};
		A5271FD92B6B6EBD0049CD04 /* Release */ = {
			isa = XCBuildConfiguration;
			buildSettings = {
				ALWAYS_EMBED_SWIFT_STANDARD_LIBRARIES = YES;
				CODE_SIGN_STYLE = Automatic;
				CURRENT_PROJECT_VERSION = 1;
				DEVELOPMENT_TEAM = 7YBRUG6EVL;
				GENERATE_INFOPLIST_FILE = YES;
				MARKETING_VERSION = 1.0;
				PRODUCT_BUNDLE_IDENTIFIER = com.jesusla.TrackerUITests;
				PRODUCT_NAME = "$(TARGET_NAME)";
				SWIFT_EMIT_LOC_STRINGS = NO;
				SWIFT_VERSION = 5.0;
				TARGETED_DEVICE_FAMILY = "1,2";
				TEST_TARGET_NAME = Tracker;
			};
			name = Release;
		};
/* End XCBuildConfiguration section */

/* Begin XCConfigurationList section */
		A5271FA42B6B6EBB0049CD04 /* Build configuration list for PBXProject "Tracker" */ = {
			isa = XCConfigurationList;
			buildConfigurations = (
				A5271FCF2B6B6EBD0049CD04 /* Debug */,
				A5271FD02B6B6EBD0049CD04 /* Release */,
			);
			defaultConfigurationIsVisible = 0;
			defaultConfigurationName = Release;
		};
		A5271FD12B6B6EBD0049CD04 /* Build configuration list for PBXNativeTarget "Tracker" */ = {
			isa = XCConfigurationList;
			buildConfigurations = (
				A5271FD22B6B6EBD0049CD04 /* Debug */,
				A5271FD32B6B6EBD0049CD04 /* Release */,
			);
			defaultConfigurationIsVisible = 0;
			defaultConfigurationName = Release;
		};
		A5271FD42B6B6EBD0049CD04 /* Build configuration list for PBXNativeTarget "TrackerTests" */ = {
			isa = XCConfigurationList;
			buildConfigurations = (
				A5271FD52B6B6EBD0049CD04 /* Debug */,
				A5271FD62B6B6EBD0049CD04 /* Release */,
			);
			defaultConfigurationIsVisible = 0;
			defaultConfigurationName = Release;
		};
		A5271FD72B6B6EBD0049CD04 /* Build configuration list for PBXNativeTarget "TrackerUITests" */ = {
			isa = XCConfigurationList;
			buildConfigurations = (
				A5271FD82B6B6EBD0049CD04 /* Debug */,
				A5271FD92B6B6EBD0049CD04 /* Release */,
			);
			defaultConfigurationIsVisible = 0;
			defaultConfigurationName = Release;
		};
/* End XCConfigurationList section */
	};
	rootObject = A5271FA12B6B6EBB0049CD04 /* Project object */;
}
